
Microsoft Visual Studio Solution File, Format Version 12.00
# Visual Studio Version 17
VisualStudioVersion = 17.4.33213.308
MinimumVisualStudioVersion = 10.0.40219.1
Project("{FAE04EC0-301F-11D3-BF4B-00C04F79EFBC}") = "CSDC24_Project", "CSDC24_Project\CSDC24_Project.csproj", "{8877FBF1-8624-4107-9DFC-F760B5610860}"
EndProject
Global
	GlobalSection(SolutionConfigurationPlatforms) = preSolution
		Debug|Any CPU = Debug|Any CPU
		Release|Any CPU = Release|Any CPU
	EndGlobalSection
	GlobalSection(ProjectConfigurationPlatforms) = postSolution
		{8877FBF1-8624-4107-9DFC-F760B5610860}.Debug|Any CPU.ActiveCfg = Debug|Any CPU
		{8877FBF1-8624-4107-9DFC-F760B5610860}.Debug|Any CPU.Build.0 = Debug|Any CPU
		{8877FBF1-8624-4107-9DFC-F760B5610860}.Release|Any CPU.ActiveCfg = Release|Any CPU
		{8877FBF1-8624-4107-9DFC-F760B5610860}.Release|Any CPU.Build.0 = Release|Any CPU
	EndGlobalSection
	GlobalSection(SolutionProperties) = preSolution
		HideSolutionNode = FALSE
	EndGlobalSection
	GlobalSection(ExtensibilityGlobals) = postSolution
		SolutionGuid = {DB8B3CC9-FDEE-4217-B86B-0CB4BEE6C6B8}
	EndGlobalSection
EndGlobal
